{
  "name": "02_demos",
  "version": "1.0.0",
  "lockfileVersion": 1,
  "requires": true,
  "dependencies": {
    "moment": {
      "version": "https://registry.npmjs.org/moment/-/moment-2.18.1.tgz",
      "integrity": "sha1-w2GT3Tzhwu7SrbfIAtu8d6gbHA8="
    },
    "underscore": {
      "version": "https://registry.npmjs.org/underscore/-/underscore-1.8.3.tgz",
      "integrity": "sha1-Tz+1OxBuYJf8+ctBCfKl6b36UCI="
    },
    "vue": {
      "version": "2.5.13",
      "resolved": "https://registry.npmjs.org/vue/-/vue-2.5.13.tgz",
      "integrity": "sha512-3D+lY7HTkKbtswDM4BBHgqyq+qo8IAEE8lz8va1dz3LLmttjgo0FxairO4r1iN2OBqk8o1FyL4hvzzTFEdQSEw=="
    }
  }
}
